{
  "name": "twilight32",
  "version": "0.0.1",
  "lockfileVersion": 1,
  "requires": true,
  "dependencies": {
    "jquery": {
      "version": "3.5.0",
      "resolved": "https://registry.npmjs.org/jquery/-/jquery-3.5.0.tgz",
      "integrity": "sha512-Xb7SVYMvygPxbFMpTFQiHh1J7HClEaThguL15N/Gg37Lri/qKyhRGZYzHRyLH8Stq3Aow0LsHO2O2ci86fCrNQ=="
    },
    "monaco-editor": {
      "version": "0.17.1",
      "resolved": "https://registry.npmjs.org/monaco-editor/-/monaco-editor-0.17.1.tgz",
      "integrity": "sha512-JAc0mtW7NeO+0SwPRcdkfDbWLgkqL9WfP1NbpP9wNASsW6oWqgZqNIWt4teymGjZIXTElx3dnQmUYHmVrJ7HxA=="
    },
    "wwwbasic": {
      "version": "1.0.0",
      "resolved": "https://registry.npmjs.org/wwwbasic/-/wwwbasic-1.0.0.tgz",
      "integrity": "sha512-xUxN7Dw+2OfO+7L1W/gSq+FyTRBFzwj5kgEclPMrqt5H3FBnK4aCHWkHY1mWbFnECTPruVsZ0FAf1Mo+yPo9WQ=="
    }
  }
}
